// !$*UTF8*$!
{
	archiveVersion = 1;
	classes = {
	};
	objectVersion = 50;
	objects = {

/* Begin PBXBuildFile section */
		E40571D02680CAF70035F78E /* EmojiMemoryGameThemeStore.swift in Sources */ = {isa = PBXBuildFile; fileRef = E40571CF2680CAF70035F78E /* EmojiMemoryGameThemeStore.swift */; };
		E40571D22681B4D90035F78E /* Theme.swift in Sources */ = {isa = PBXBuildFile; fileRef = E40571D12681B4D90035F78E /* Theme.swift */; };
		E40571D62681E1D50035F78E /* EmojiMemoryGameThemeChooser.swift in Sources */ = {isa = PBXBuildFile; fileRef = E40571D52681E1D50035F78E /* EmojiMemoryGameThemeChooser.swift */; };
		E40571D82681E1EF0035F78E /* EmojiMemoryGameThemeEditor.swift in Sources */ = {isa = PBXBuildFile; fileRef = E40571D72681E1EF0035F78E /* EmojiMemoryGameThemeEditor.swift */; };
		E423E4742539720900BA9908 /* MemoryGame.swift in Sources */ = {isa = PBXBuildFile; fileRef = E423E4732539720900BA9908 /* MemoryGame.swift */; };
		E423E476253975D100BA9908 /* EmojiMemoryGame.swift in Sources */ = {isa = PBXBuildFile; fileRef = E423E475253975D100BA9908 /* EmojiMemoryGame.swift */; };
		E448C10A2536E5A4007A696A /* AppDelegate.swift in Sources */ = {isa = PBXBuildFile; fileRef = E448C1092536E5A4007A696A /* AppDelegate.swift */; };
		E448C10C2536E5A4007A696A /* SceneDelegate.swift in Sources */ = {isa = PBXBuildFile; fileRef = E448C10B2536E5A4007A696A /* SceneDelegate.swift */; };
		E448C10E2536E5A4007A696A /* EmojiMemoryGameView.swift in Sources */ = {isa = PBXBuildFile; fileRef = E448C10D2536E5A4007A696A /* EmojiMemoryGameView.swift */; };
		E448C1102536E5A7007A696A /* Assets.xcassets in Resources */ = {isa = PBXBuildFile; fileRef = E448C10F2536E5A7007A696A /* Assets.xcassets */; };
		E448C1132536E5A7007A696A /* Preview Assets.xcassets in Resources */ = {isa = PBXBuildFile; fileRef = E448C1122536E5A7007A696A /* Preview Assets.xcassets */; };
		E448C1162536E5A7007A696A /* LaunchScreen.storyboard in Resources */ = {isa = PBXBuildFile; fileRef = E448C1142536E5A7007A696A /* LaunchScreen.storyboard */; };
		E45EF0E025B04C3500FDDF43 /* Extensions.swift in Sources */ = {isa = PBXBuildFile; fileRef = E45EF0DF25B04C3500FDDF43 /* Extensions.swift */; };
		E4E442442609439C0015A119 /* Pie.swift in Sources */ = {isa = PBXBuildFile; fileRef = E4E442432609439C0015A119 /* Pie.swift */; };
		E4E44246260946DA0015A119 /* Cardify.swift in Sources */ = {isa = PBXBuildFile; fileRef = E4E44245260946DA0015A119 /* Cardify.swift */; };
		E4FF8EE2255EECF200D4F835 /* Grid.swift in Sources */ = {isa = PBXBuildFile; fileRef = E4FF8EE1255EECF200D4F835 /* Grid.swift */; };
		E4FF8EE4256196F100D4F835 /* GridLayout.swift in Sources */ = {isa = PBXBuildFile; fileRef = E4FF8EE3256196F100D4F835 /* GridLayout.swift */; };
/* End PBXBuildFile section */

/* Begin PBXFileReference section */
		E40571CF2680CAF70035F78E /* EmojiMemoryGameThemeStore.swift */ = {isa = PBXFileReference; lastKnownFileType = sourcecode.swift; path = EmojiMemoryGameThemeStore.swift; sourceTree = "<group>"; };
		E40571D12681B4D90035F78E /* Theme.swift */ = {isa = PBXFileReference; lastKnownFileType = sourcecode.swift; path = Theme.swift; sourceTree = "<group>"; };
		E40571D52681E1D50035F78E /* EmojiMemoryGameThemeChooser.swift */ = {isa = PBXFileReference; lastKnownFileType = sourcecode.swift; path = EmojiMemoryGameThemeChooser.swift; sourceTree = "<group>"; };
		E40571D72681E1EF0035F78E /* EmojiMemoryGameThemeEditor.swift */ = {isa = PBXFileReference; lastKnownFileType = sourcecode.swift; path = EmojiMemoryGameThemeEditor.swift; sourceTree = "<group>"; };
		E423E4732539720900BA9908 /* MemoryGame.swift */ = {isa = PBXFileReference; lastKnownFileType = sourcecode.swift; path = MemoryGame.swift; sourceTree = "<group>"; };
		E423E475253975D100BA9908 /* EmojiMemoryGame.swift */ = {isa = PBXFileReference; lastKnownFileType = sourcecode.swift; path = EmojiMemoryGame.swift; sourceTree = "<group>"; };
		E448C1062536E5A4007A696A /* Memorize.app */ = {isa = PBXFileReference; explicitFileType = wrapper.application; includeInIndex = 0; path = Memorize.app; sourceTree = BUILT_PRODUCTS_DIR; };
		E448C1092536E5A4007A696A /* AppDelegate.swift */ = {isa = PBXFileReference; lastKnownFileType = sourcecode.swift; path = AppDelegate.swift; sourceTree = "<group>"; };
		E448C10B2536E5A4007A696A /* SceneDelegate.swift */ = {isa = PBXFileReference; lastKnownFileType = sourcecode.swift; path = SceneDelegate.swift; sourceTree = "<group>"; };
		E448C10D2536E5A4007A696A /* EmojiMemoryGameView.swift */ = {isa = PBXFileReference; lastKnownFileType = sourcecode.swift; path = EmojiMemoryGameView.swift; sourceTree = "<group>"; };
		E448C10F2536E5A7007A696A /* Assets.xcassets */ = {isa = PBXFileReference; lastKnownFileType = folder.assetcatalog; path = Assets.xcassets; sourceTree = "<group>"; };
		E448C1122536E5A7007A696A /* Preview Assets.xcassets */ = {isa = PBXFileReference; lastKnownFileType = folder.assetcatalog; path = "Preview Assets.xcassets"; sourceTree = "<group>"; };
		E448C1152536E5A7007A696A /* Base */ = {isa = PBXFileReference; lastKnownFileType = file.storyboard; name = Base; path = Base.lproj/LaunchScreen.storyboard; sourceTree = "<group>"; };
		E448C1172536E5A7007A696A /* Info.plist */ = {isa = PBXFileReference; lastKnownFileType = text.plist.xml; path = Info.plist; sourceTree = "<group>"; };
		E45EF0DF25B04C3500FDDF43 /* Extensions.swift */ = {isa = PBXFileReference; lastKnownFileType = sourcecode.swift; path = Extensions.swift; sourceTree = "<group>"; };
		E4E442432609439C0015A119 /* Pie.swift */ = {isa = PBXFileReference; lastKnownFileType = sourcecode.swift; path = Pie.swift; sourceTree = "<group>"; };
		E4E44245260946DA0015A119 /* Cardify.swift */ = {isa = PBXFileReference; lastKnownFileType = sourcecode.swift; path = Cardify.swift; sourceTree = "<group>"; };
		E4FF8EE1255EECF200D4F835 /* Grid.swift */ = {isa = PBXFileReference; lastKnownFileType = sourcecode.swift; path = Grid.swift; sourceTree = "<group>"; };
		E4FF8EE3256196F100D4F835 /* GridLayout.swift */ = {isa = PBXFileReference; fileEncoding = 4; lastKnownFileType = sourcecode.swift; path = GridLayout.swift; sourceTree = "<group>"; };
/* End PBXFileReference section */

/* Begin PBXFrameworksBuildPhase section */
		E448C1032536E5A4007A696A /* Frameworks */ = {
			isa = PBXFrameworksBuildPhase;
			buildActionMask = 2147483647;
			files = (
			);
			runOnlyForDeploymentPostprocessing = 0;
		};
/* End PBXFrameworksBuildPhase section */

/* Begin PBXGroup section */
		E40571D92681E2630035F78E /* Views */ = {
			isa = PBXGroup;
			children = (
				E448C10D2536E5A4007A696A /* EmojiMemoryGameView.swift */,
				E40571D52681E1D50035F78E /* EmojiMemoryGameThemeChooser.swift */,
				E4E44245260946DA0015A119 /* Cardify.swift */,
				E40571D72681E1EF0035F78E /* EmojiMemoryGameThemeEditor.swift */,
			);
			path = Views;
			sourceTree = "<group>";
		};
		E448C0FD2536E5A4007A696A = {
			isa = PBXGroup;
			children = (
				E448C1082536E5A4007A696A /* Memorize */,
				E448C1072536E5A4007A696A /* Products */,
			);
			sourceTree = "<group>";
		};
		E448C1072536E5A4007A696A /* Products */ = {
			isa = PBXGroup;
			children = (
				E448C1062536E5A4007A696A /* Memorize.app */,
			);
			name = Products;
			sourceTree = "<group>";
		};
		E448C1082536E5A4007A696A /* Memorize */ = {
			isa = PBXGroup;
			children = (
				E40571D92681E2630035F78E /* Views */,
				E40571CF2680CAF70035F78E /* EmojiMemoryGameThemeStore.swift */,
				E423E475253975D100BA9908 /* EmojiMemoryGame.swift */,
				E423E4732539720900BA9908 /* MemoryGame.swift */,
				E40571D12681B4D90035F78E /* Theme.swift */,
				E448C1092536E5A4007A696A /* AppDelegate.swift */,
				E448C10B2536E5A4007A696A /* SceneDelegate.swift */,
				E4FF8EE1255EECF200D4F835 /* Grid.swift */,
				E45EF0DF25B04C3500FDDF43 /* Extensions.swift */,
				E4FF8EE3256196F100D4F835 /* GridLayout.swift */,
				E448C10F2536E5A7007A696A /* Assets.xcassets */,
				E448C1142536E5A7007A696A /* LaunchScreen.storyboard */,
				E448C1172536E5A7007A696A /* Info.plist */,
				E448C1112536E5A7007A696A /* Preview Content */,
				E4E442432609439C0015A119 /* Pie.swift */,
			);
			path = Memorize;
			sourceTree = "<group>";
		};
		E448C1112536E5A7007A696A /* Preview Content */ = {
			isa = PBXGroup;
			children = (
				E448C1122536E5A7007A696A /* Preview Assets.xcassets */,
			);
			path = "Preview Content";
			sourceTree = "<group>";
		};
/* End PBXGroup section */

/* Begin PBXNativeTarget section */
		E448C1052536E5A4007A696A /* Memorize */ = {
			isa = PBXNativeTarget;
			buildConfigurationList = E448C11A2536E5A7007A696A /* Build configuration list for PBXNativeTarget "Memorize" */;
			buildPhases = (
				E448C1022536E5A4007A696A /* Sources */,
				E448C1032536E5A4007A696A /* Frameworks */,
				E448C1042536E5A4007A696A /* Resources */,
			);
			buildRules = (
			);
			dependencies = (
			);
			name = Memorize;
			productName = Memorize;
			productReference = E448C1062536E5A4007A696A /* Memorize.app */;
			productType = "com.apple.product-type.application";
		};
/* End PBXNativeTarget section */

/* Begin PBXProject section */
		E448C0FE2536E5A4007A696A /* Project object */ = {
			isa = PBXProject;
			attributes = {
				LastSwiftUpdateCheck = 1170;
				LastUpgradeCheck = 1240;
				ORGANIZATIONNAME = "Rokas Mikelionis";
				TargetAttributes = {
					E448C1052536E5A4007A696A = {
						CreatedOnToolsVersion = 11.7;
					};
				};
			};
			buildConfigurationList = E448C1012536E5A4007A696A /* Build configuration list for PBXProject "Memorize" */;
			compatibilityVersion = "Xcode 9.3";
			developmentRegion = en;
			hasScannedForEncodings = 0;
			knownRegions = (
				en,
				Base,
			);
			mainGroup = E448C0FD2536E5A4007A696A;
			productRefGroup = E448C1072536E5A4007A696A /* Products */;
			projectDirPath = "";
			projectRoot = "";
			targets = (
				E448C1052536E5A4007A696A /* Memorize */,
			);
		};
/* End PBXProject section */

/* Begin PBXResourcesBuildPhase section */
		E448C1042536E5A4007A696A /* Resources */ = {
			isa = PBXResourcesBuildPhase;
			buildActionMask = 2147483647;
			files = (
				E448C1162536E5A7007A696A /* LaunchScreen.storyboard in Resources */,
				E448C1132536E5A7007A696A /* Preview Assets.xcassets in Resources */,
				E448C1102536E5A7007A696A /* Assets.xcassets in Resources */,
			);
			runOnlyForDeploymentPostprocessing = 0;
		};
/* End PBXResourcesBuildPhase section */

/* Begin PBXSourcesBuildPhase section */
		E448C1022536E5A4007A696A /* Sources */ = {
			isa = PBXSourcesBuildPhase;
			buildActionMask = 2147483647;
			files = (
				E40571D02680CAF70035F78E /* EmojiMemoryGameThemeStore.swift in Sources */,
				E4E44246260946DA0015A119 /* Cardify.swift in Sources */,
				E40571D82681E1EF0035F78E /* EmojiMemoryGameThemeEditor.swift in Sources */,
				E4E442442609439C0015A119 /* Pie.swift in Sources */,
				E448C10A2536E5A4007A696A /* AppDelegate.swift in Sources */,
				E40571D62681E1D50035F78E /* EmojiMemoryGameThemeChooser.swift in Sources */,
				E448C10C2536E5A4007A696A /* SceneDelegate.swift in Sources */,
				E423E4742539720900BA9908 /* MemoryGame.swift in Sources */,
				E448C10E2536E5A4007A696A /* EmojiMemoryGameView.swift in Sources */,
				E423E476253975D100BA9908 /* EmojiMemoryGame.swift in Sources */,
				E45EF0E025B04C3500FDDF43 /* Extensions.swift in Sources */,
				E40571D22681B4D90035F78E /* Theme.swift in Sources */,
				E4FF8EE4256196F100D4F835 /* GridLayout.swift in Sources */,
				E4FF8EE2255EECF200D4F835 /* Grid.swift in Sources */,
			);
			runOnlyForDeploymentPostprocessing = 0;
		};
/* End PBXSourcesBuildPhase section */

/* Begin PBXVariantGroup section */
		E448C1142536E5A7007A696A /* LaunchScreen.storyboard */ = {
			isa = PBXVariantGroup;
			children = (
				E448C1152536E5A7007A696A /* Base */,
			);
			name = LaunchScreen.storyboard;
			sourceTree = "<group>";
		};
/* End PBXVariantGroup section */

/* Begin XCBuildConfiguration section */
		E448C1182536E5A7007A696A /* Debug */ = {
			isa = XCBuildConfiguration;
			buildSettings = {
				ALWAYS_SEARCH_USER_PATHS = NO;
				CLANG_ANALYZER_NONNULL = YES;
				CLANG_ANALYZER_NUMBER_OBJECT_CONVERSION = YES_AGGRESSIVE;
				CLANG_CXX_LANGUAGE_STANDARD = "gnu++14";
				CLANG_CXX_LIBRARY = "libc++";
				CLANG_ENABLE_MODULES = YES;
				CLANG_ENABLE_OBJC_ARC = YES;
				CLANG_ENABLE_OBJC_WEAK = YES;
				CLANG_WARN_BLOCK_CAPTURE_AUTORELEASING = YES;
				CLANG_WARN_BOOL_CONVERSION = YES;
				CLANG_WARN_COMMA = YES;
				CLANG_WARN_CONSTANT_CONVERSION = YES;
				CLANG_WARN_DEPRECATED_OBJC_IMPLEMENTATIONS = YES;
				CLANG_WARN_DIRECT_OBJC_ISA_USAGE = YES_ERROR;
				CLANG_WARN_DOCUMENTATION_COMMENTS = YES;
				CLANG_WARN_EMPTY_BODY = YES;
				CLANG_WARN_ENUM_CONVERSION = YES;
				CLANG_WARN_INFINITE_RECURSION = YES;
				CLANG_WARN_INT_CONVERSION = YES;
				CLANG_WARN_NON_LITERAL_NULL_CONVERSION = YES;
				CLANG_WARN_OBJC_IMPLICIT_RETAIN_SELF = YES;
				CLANG_WARN_OBJC_LITERAL_CONVERSION = YES;
				CLANG_WARN_OBJC_ROOT_CLASS = YES_ERROR;
				CLANG_WARN_QUOTED_INCLUDE_IN_FRAMEWORK_HEADER = YES;
				CLANG_WARN_RANGE_LOOP_ANALYSIS = YES;
				CLANG_WARN_STRICT_PROTOTYPES = YES;
				CLANG_WARN_SUSPICIOUS_MOVE = YES;
				CLANG_WARN_UNGUARDED_AVAILABILITY = YES_AGGRESSIVE;
				CLANG_WARN_UNREACHABLE_CODE = YES;
				CLANG_WARN__DUPLICATE_METHOD_MATCH = YES;
				COPY_PHASE_STRIP = NO;
				DEBUG_INFORMATION_FORMAT = dwarf;
				ENABLE_STRICT_OBJC_MSGSEND = YES;
				ENABLE_TESTABILITY = YES;
				GCC_C_LANGUAGE_STANDARD = gnu11;
				GCC_DYNAMIC_NO_PIC = NO;
				GCC_NO_COMMON_BLOCKS = YES;
				GCC_OPTIMIZATION_LEVEL = 0;
				GCC_PREPROCESSOR_DEFINITIONS = (
					"DEBUG=1",
					"$(inherited)",
				);
				GCC_WARN_64_TO_32_BIT_CONVERSION = YES;
				GCC_WARN_ABOUT_RETURN_TYPE = YES_ERROR;
				GCC_WARN_UNDECLARED_SELECTOR = YES;
				GCC_WARN_UNINITIALIZED_AUTOS = YES_AGGRESSIVE;
				GCC_WARN_UNUSED_FUNCTION = YES;
				GCC_WARN_UNUSED_VARIABLE = YES;
				IPHONEOS_DEPLOYMENT_TARGET = 14.1;
				MTL_ENABLE_DEBUG_INFO = INCLUDE_SOURCE;
				MTL_FAST_MATH = YES;
				ONLY_ACTIVE_ARCH = YES;
				SDKROOT = iphoneos;
				SWIFT_ACTIVE_COMPILATION_CONDITIONS = DEBUG;
				SWIFT_OPTIMIZATION_LEVEL = "-Onone";
			};
			name = Debug;
		};
		E448C1192536E5A7007A696A /* Release */ = {
			isa = XCBuildConfiguration;
			buildSettings = {
				ALWAYS_SEARCH_USER_PATHS = NO;
				CLANG_ANALYZER_NONNULL = YES;
				CLANG_ANALYZER_NUMBER_OBJECT_CONVERSION = YES_AGGRESSIVE;
				CLANG_CXX_LANGUAGE_STANDARD = "gnu++14";
				CLANG_CXX_LIBRARY = "libc++";
				CLANG_ENABLE_MODULES = YES;
				CLANG_ENABLE_OBJC_ARC = YES;
				CLANG_ENABLE_OBJC_WEAK = YES;
				CLANG_WARN_BLOCK_CAPTURE_AUTORELEASING = YES;
				CLANG_WARN_BOOL_CONVERSION = YES;
				CLANG_WARN_COMMA = YES;
				CLANG_WARN_CONSTANT_CONVERSION = YES;
				CLANG_WARN_DEPRECATED_OBJC_IMPLEMENTATIONS = YES;
				CLANG_WARN_DIRECT_OBJC_ISA_USAGE = YES_ERROR;
				CLANG_WARN_DOCUMENTATION_COMMENTS = YES;
				CLANG_WARN_EMPTY_BODY = YES;
				CLANG_WARN_ENUM_CONVERSION = YES;
				CLANG_WARN_INFINITE_RECURSION = YES;
				CLANG_WARN_INT_CONVERSION = YES;
				CLANG_WARN_NON_LITERAL_NULL_CONVERSION = YES;
				CLANG_WARN_OBJC_IMPLICIT_RETAIN_SELF = YES;
				CLANG_WARN_OBJC_LITERAL_CONVERSION = YES;
				CLANG_WARN_OBJC_ROOT_CLASS = YES_ERROR;
				CLANG_WARN_QUOTED_INCLUDE_IN_FRAMEWORK_HEADER = YES;
				CLANG_WARN_RANGE_LOOP_ANALYSIS = YES;
				CLANG_WARN_STRICT_PROTOTYPES = YES;
				CLANG_WARN_SUSPICIOUS_MOVE = YES;
				CLANG_WARN_UNGUARDED_AVAILABILITY = YES_AGGRESSIVE;
				CLANG_WARN_UNREACHABLE_CODE = YES;
				CLANG_WARN__DUPLICATE_METHOD_MATCH = YES;
				COPY_PHASE_STRIP = NO;
				DEBUG_INFORMATION_FORMAT = "dwarf-with-dsym";
				ENABLE_NS_ASSERTIONS = NO;
				ENABLE_STRICT_OBJC_MSGSEND = YES;
				GCC_C_LANGUAGE_STANDARD = gnu11;
				GCC_NO_COMMON_BLOCKS = YES;
				GCC_WARN_64_TO_32_BIT_CONVERSION = YES;
				GCC_WARN_ABOUT_RETURN_TYPE = YES_ERROR;
				GCC_WARN_UNDECLARED_SELECTOR = YES;
				GCC_WARN_UNINITIALIZED_AUTOS = YES_AGGRESSIVE;
				GCC_WARN_UNUSED_FUNCTION = YES;
				GCC_WARN_UNUSED_VARIABLE = YES;
				IPHONEOS_DEPLOYMENT_TARGET = 14.1;
				MTL_ENABLE_DEBUG_INFO = NO;
				MTL_FAST_MATH = YES;
				SDKROOT = iphoneos;
				SWIFT_COMPILATION_MODE = wholemodule;
				SWIFT_OPTIMIZATION_LEVEL = "-O";
				VALIDATE_PRODUCT = YES;
			};
			name = Release;
		};
		E448C11B2536E5A7007A696A /* Debug */ = {
			isa = XCBuildConfiguration;
			buildSettings = {
				ASSETCATALOG_COMPILER_APPICON_NAME = AppIcon;
				CODE_SIGN_STYLE = Automatic;
				DEVELOPMENT_ASSET_PATHS = "\"Memorize/Preview Content\"";
				DEVELOPMENT_TEAM = 7F7SR445F8;
				ENABLE_PREVIEWS = YES;
				INFOPLIST_FILE = Memorize/Info.plist;
				LD_RUNPATH_SEARCH_PATHS = (
					"$(inherited)",
					"@executable_path/Frameworks",
				);
				PRODUCT_BUNDLE_IDENTIFIER = kb.Memorize;
				PRODUCT_NAME = "$(TARGET_NAME)";
				SWIFT_VERSION = 5.0;
				TARGETED_DEVICE_FAMILY = "1,2";
			};
			name = Debug;
		};
		E448C11C2536E5A7007A696A /* Release */ = {
			isa = XCBuildConfiguration;
			buildSettings = {
				ASSETCATALOG_COMPILER_APPICON_NAME = AppIcon;
				CODE_SIGN_STYLE = Automatic;
				DEVELOPMENT_ASSET_PATHS = "\"Memorize/Preview Content\"";
				DEVELOPMENT_TEAM = 7F7SR445F8;
				ENABLE_PREVIEWS = YES;
				INFOPLIST_FILE = Memorize/Info.plist;
				LD_RUNPATH_SEARCH_PATHS = (
					"$(inherited)",
					"@executable_path/Frameworks",
				);
				PRODUCT_BUNDLE_IDENTIFIER = kb.Memorize;
				PRODUCT_NAME = "$(TARGET_NAME)";
				SWIFT_VERSION = 5.0;
				TARGETED_DEVICE_FAMILY = "1,2";
			};
			name = Release;
		};
/* End XCBuildConfiguration section */

/* Begin XCConfigurationList section */
		E448C1012536E5A4007A696A /* Build configuration list for PBXProject "Memorize" */ = {
			isa = XCConfigurationList;
			buildConfigurations = (
				E448C1182536E5A7007A696A /* Debug */,
				E448C1192536E5A7007A696A /* Release */,
			);
			defaultConfigurationIsVisible = 0;
			defaultConfigurationName = Release;
		};
		E448C11A2536E5A7007A696A /* Build configuration list for PBXNativeTarget "Memorize" */ = {
			isa = XCConfigurationList;
			buildConfigurations = (
				E448C11B2536E5A7007A696A /* Debug */,
				E448C11C2536E5A7007A696A /* Release */,
			);
			defaultConfigurationIsVisible = 0;
			defaultConfigurationName = Release;
		};
/* End XCConfigurationList section */
	};
	rootObject = E448C0FE2536E5A4007A696A /* Project object */;
}
